{
  "name": "mmm-calendarweek",
  "version": "2.0.0",
  "lockfileVersion": 1,
  "requires": true,
  "dependencies": {
    "ical-expander": {
      "version": "2.1.0",
      "resolved": "https://registry.npmjs.org/ical-expander/-/ical-expander-2.1.0.tgz",
      "integrity": "sha512-G2J1HIFbL3CPr7tz7U4UYmB8l3Iu16ib3ddzbveCJyvmvjo3MqAye+Izts2H/dOJuSMxYx1DolcEN5TslcNHlg==",
      "requires": {
        "ical.js": "1.2.2"
      }
    },
    "ical.js": {
      "version": "1.2.2",
      "resolved": "https://registry.npmjs.org/ical.js/-/ical.js-1.2.2.tgz",
      "integrity": "sha1-WbUXNiqPYdzgNC/mfet8IN0Rn24="
    },
    "moment": {
      "version": "2.29.1",
      "resolved": "https://registry.npmjs.org/moment/-/moment-2.29.1.tgz",
      "integrity": "sha512-kHmoybcPV8Sqy59DwNDY3Jefr64lK/by/da0ViFcuA4DH0vQg5Q6Ze5VimxkfQNSC+Mls/Kx53s7TjP1RhFEDQ=="
    },
    "moment-timezone": {
      "version": "0.5.33",
      "resolved": "https://registry.npmjs.org/moment-timezone/-/moment-timezone-0.5.33.tgz",
      "integrity": "sha512-PTc2vcT8K9J5/9rDEPe5czSIKgLoGsH8UNpA4qZTVw0Vd/Uz19geE9abbIOQKaAQFcnQ3v5YEXrbSc5BpshH+w==",
      "requires": {
        "moment": ">= 2.9.0"
      }
    },
    "valid-url": {
      "version": "1.0.9",
      "resolved": "https://registry.npmjs.org/valid-url/-/valid-url-1.0.9.tgz",
      "integrity": "sha1-HBRHm0DxOXp1eC8RXkCGRHQzogA="
    }
  }
}
